
Microsoft Visual Studio Solution File, Format Version 12.00
# Visual Studio Version 16
VisualStudioVersion = 16.0.30114.105
MinimumVisualStudioVersion = 10.0.40219.1
Project("{9A19103F-16F7-4668-BE54-9A1E7A4F7556}") = "Hahn.ApplicatonProcess.May2020.Web", "Hahn.ApplicatonProcess.May2020.Web\Hahn.ApplicatonProcess.May2020.Web.csproj", "{7857D50F-97D0-403D-A111-EA2212DDF0A9}"
EndProject
Project("{9A19103F-16F7-4668-BE54-9A1E7A4F7556}") = "Hahn.ApplicatonProcess.May2020.Data", "Hahn.ApplicatonProcess.May2020.Data\Hahn.ApplicatonProcess.May2020.Data.csproj", "{93D3A25A-120E-47DB-88B2-486D284703E1}"
EndProject
Project("{9A19103F-16F7-4668-BE54-9A1E7A4F7556}") = "Hahn.ApplicatonProcess.May2020.Domain", "Hahn.ApplicatonProcess.May2020.Domain\Hahn.ApplicatonProcess.May2020.Domain.csproj", "{1631351A-09DA-412B-A492-70FFBE3C7EDB}"
EndProject
Project("{9A19103F-16F7-4668-BE54-9A1E7A4F7556}") = "Hahn.ApplicatonProcess.May2020.Data.Interfaces", "Hahn.ApplicatonProcess.May2020.Data.Interfaces\Hahn.ApplicatonProcess.May2020.Data.Interfaces.csproj", "{0ADC728E-732F-4487-A461-7E0FA5B5A50C}"
EndProject
Project("{9A19103F-16F7-4668-BE54-9A1E7A4F7556}") = "Hahn.ApplicatonProcess.May2020.Domain.Interfaces", "Hahn.ApplicatonProcess.May2020.Domain.Interfaces\Hahn.ApplicatonProcess.May2020.Domain.Interfaces.csproj", "{4788AB20-BE1F-4972-B5D1-0B613828302B}"
EndProject
Project("{FAE04EC0-301F-11D3-BF4B-00C04F79EFBC}") = "Hahn.ApplicatonProcess.May2020.Infrastructure", "Hahn.ApplicatonProcess.May2020.Infrastructure\Hahn.ApplicatonProcess.May2020.Infrastructure.csproj", "{C59C17C6-BB39-42E2-B491-1F4E1F816F26}"
EndProject
Global
	GlobalSection(SolutionConfigurationPlatforms) = preSolution
		Debug|Any CPU = Debug|Any CPU
		Release|Any CPU = Release|Any CPU
	EndGlobalSection
	GlobalSection(ProjectConfigurationPlatforms) = postSolution
		{7857D50F-97D0-403D-A111-EA2212DDF0A9}.Debug|Any CPU.ActiveCfg = Debug|Any CPU
		{7857D50F-97D0-403D-A111-EA2212DDF0A9}.Debug|Any CPU.Build.0 = Debug|Any CPU
		{7857D50F-97D0-403D-A111-EA2212DDF0A9}.Release|Any CPU.ActiveCfg = Release|Any CPU
		{7857D50F-97D0-403D-A111-EA2212DDF0A9}.Release|Any CPU.Build.0 = Release|Any CPU
		{93D3A25A-120E-47DB-88B2-486D284703E1}.Debug|Any CPU.ActiveCfg = Debug|Any CPU
		{93D3A25A-120E-47DB-88B2-486D284703E1}.Debug|Any CPU.Build.0 = Debug|Any CPU
		{93D3A25A-120E-47DB-88B2-486D284703E1}.Release|Any CPU.ActiveCfg = Release|Any CPU
		{93D3A25A-120E-47DB-88B2-486D284703E1}.Release|Any CPU.Build.0 = Release|Any CPU
		{1631351A-09DA-412B-A492-70FFBE3C7EDB}.Debug|Any CPU.ActiveCfg = Debug|Any CPU
		{1631351A-09DA-412B-A492-70FFBE3C7EDB}.Debug|Any CPU.Build.0 = Debug|Any CPU
		{1631351A-09DA-412B-A492-70FFBE3C7EDB}.Release|Any CPU.ActiveCfg = Release|Any CPU
		{1631351A-09DA-412B-A492-70FFBE3C7EDB}.Release|Any CPU.Build.0 = Release|Any CPU
		{0ADC728E-732F-4487-A461-7E0FA5B5A50C}.Debug|Any CPU.ActiveCfg = Debug|Any CPU
		{0ADC728E-732F-4487-A461-7E0FA5B5A50C}.Debug|Any CPU.Build.0 = Debug|Any CPU
		{0ADC728E-732F-4487-A461-7E0FA5B5A50C}.Release|Any CPU.ActiveCfg = Release|Any CPU
		{0ADC728E-732F-4487-A461-7E0FA5B5A50C}.Release|Any CPU.Build.0 = Release|Any CPU
		{4788AB20-BE1F-4972-B5D1-0B613828302B}.Debug|Any CPU.ActiveCfg = Debug|Any CPU
		{4788AB20-BE1F-4972-B5D1-0B613828302B}.Debug|Any CPU.Build.0 = Debug|Any CPU
		{4788AB20-BE1F-4972-B5D1-0B613828302B}.Release|Any CPU.ActiveCfg = Release|Any CPU
		{4788AB20-BE1F-4972-B5D1-0B613828302B}.Release|Any CPU.Build.0 = Release|Any CPU
		{C59C17C6-BB39-42E2-B491-1F4E1F816F26}.Debug|Any CPU.ActiveCfg = Debug|Any CPU
		{C59C17C6-BB39-42E2-B491-1F4E1F816F26}.Debug|Any CPU.Build.0 = Debug|Any CPU
		{C59C17C6-BB39-42E2-B491-1F4E1F816F26}.Release|Any CPU.ActiveCfg = Release|Any CPU
		{C59C17C6-BB39-42E2-B491-1F4E1F816F26}.Release|Any CPU.Build.0 = Release|Any CPU
	EndGlobalSection
	GlobalSection(SolutionProperties) = preSolution
		HideSolutionNode = FALSE
	EndGlobalSection
	GlobalSection(ExtensibilityGlobals) = postSolution
		SolutionGuid = {E54A503D-7F4E-48CB-8BAA-3F6A73B2CC41}
	EndGlobalSection
EndGlobal
